
Microsoft Visual Studio Solution File, Format Version 12.00
# Visual Studio 14
VisualStudioVersion = 14.0.24720.0
MinimumVisualStudioVersion = 10.0.40219.1
Project("{FAE04EC0-301F-11D3-BF4B-00C04F79EFBC}") = "TermDeposit", "TermDeposit\TermDeposit.csproj", "{A67C6535-F314-41E1-B5A3-3E99AA789C8B}"
EndProject
Project("{FAE04EC0-301F-11D3-BF4B-00C04F79EFBC}") = "TermDeposit.Tests", "TermDeposit.Tests\TermDeposit.Tests.csproj", "{336D28B1-7788-4980-A97B-5FB1DC86815C}"
EndProject
Global
	GlobalSection(SolutionConfigurationPlatforms) = preSolution
		Debug|Any CPU = Debug|Any CPU
		Release|Any CPU = Release|Any CPU
	EndGlobalSection
	GlobalSection(ProjectConfigurationPlatforms) = postSolution
		{A67C6535-F314-41E1-B5A3-3E99AA789C8B}.Debug|Any CPU.ActiveCfg = Debug|Any CPU
		{A67C6535-F314-41E1-B5A3-3E99AA789C8B}.Debug|Any CPU.Build.0 = Debug|Any CPU
		{A67C6535-F314-41E1-B5A3-3E99AA789C8B}.Release|Any CPU.ActiveCfg = Release|Any CPU
		{A67C6535-F314-41E1-B5A3-3E99AA789C8B}.Release|Any CPU.Build.0 = Release|Any CPU
		{336D28B1-7788-4980-A97B-5FB1DC86815C}.Debug|Any CPU.ActiveCfg = Debug|Any CPU
		{336D28B1-7788-4980-A97B-5FB1DC86815C}.Debug|Any CPU.Build.0 = Debug|Any CPU
		{336D28B1-7788-4980-A97B-5FB1DC86815C}.Release|Any CPU.ActiveCfg = Release|Any CPU
		{336D28B1-7788-4980-A97B-5FB1DC86815C}.Release|Any CPU.Build.0 = Release|Any CPU
	EndGlobalSection
	GlobalSection(SolutionProperties) = preSolution
		HideSolutionNode = FALSE
	EndGlobalSection
EndGlobal
